#MicroXplorer Configuration settings - do not modify
Mcu.Family=STM32MP1
RCC.DIVQ2Freq_Value=25000000
RCC.HSIDivClkFreq_Value=64000000
ProjectManager.MainLocation=Core/Src
VP_DMA_VS_DMA2_M4.Signal=DMA_VS_DMA2_M4
RCC.USART1Freq_Value=64000000
RCC.SAI1Freq_Value=25000000
RCC.CortexFreq_Value=64000000
PH12.Signal=I2C1_SDA
ProjectManager.KeepUserCode=true
PH14.Signal=UART4_RX
Mcu.UserName=STM32MP157CACx
RCC.SPI1Freq_Value=25000000
TIM1.IPParameters=Channel-PWM Generation1 CH1,Prescaler,Period,Pulse-PWM Generation1 CH1
RCC.VCOInput4Freq_Value=2000000
ProjectManager.functionlistsort=1-MX_GPIO_Init-GPIO-false-HAL-true,2-SystemClock_Config-RCC-false-HAL-false,3-MX_ETZPC_Init-ETZPC-false-HAL-true,4-MX_I2C5_Init-I2C5-false-HAL-true,5-MX_I2C1_Init-I2C1-false-HAL-true,6-MX_TIM1_Init-TIM1-false-HAL-true
VP_RTC_VS_RTC_Activate.Mode=RTC_Enabled
RCC.RTCFreq_Value=32000
RCC.PLLDSIFreq_Value=480000000
RCC.VCO2OutputFreq_Value=100000000
TIM1.Pulse-PWM\ Generation1\ CH1=500
SH.S_TIM1_CH1.ConfNb=1
RCC.SPI23Freq_Value=25000000
RCC.I2C12Freq_Value=64000000
RCC.USBPHYFreq_Value=25000000
PinOutPanel.RotationAngle=0
RCC.MCO1PinFreq_Value=64000000
ProjectManager.StackSize=0x400
RCC.VCOInput3Freq_Value=2000000
RCC.LPTIM1Freq_Value=64000000
Mcu.IP4=I2C1
Mcu.IP5=I2C5
VP_MDMA_VS_MDMA_A7NS_8.Mode=8\:8
Mcu.IP2=GIC
NVIC.SVCall_IRQn=true\:1\:0\:false\:false\:true\:false\:false
RCC.SDMMC3Freq_Value=64000000
Mcu.IP3=HSEM
Mcu.IP0=BSEC
Mcu.IP1=ETZPC
TIM1.Prescaler=0
Mcu.UserConstants=
RCC.DIVP3Freq_Value=25000000
Mcu.ThirdPartyNb=0
GIC.PMUIRQ0_IRQn=true\:false\:High level
Mcu.IPNb=13
ProjectManager.PreviousToolchain=
GIC.RTC_WKUP_ALARM_IRQn=true\:false\:High level
RCC.SPDIFRXFreq_Value=25000000
RCC.AHB1234Freq_Value=64000000
RCC.DIVQ3Freq_Value=25000000
PD0.Signal=I2C5_SDA
Mcu.Pin6=PH11
RCC.SAI2Freq_Value=25000000
Mcu.Pin7=VP_BSEC_VS_BSEC
Mcu.Pin8=VP_ETZPC_VS_ETZPC
Mcu.Pin9=VP_HSEM_VS_HSEM
Mcu.Pin0=PA8
Mcu.Pin1=PH12
GPIO.groupedBy=Group By Peripherals
Mcu.Pin2=PD0
Mcu.Pin3=PD1
Mcu.Pin4=PB9
Mcu.Pin5=PH14
ProjectManager.ProjectBuild=false
RCC.DIVR3Freq_Value=25000000
RCC.HSE_VALUE=24000000
NVIC.UsageFault_IRQn=true\:1\:0\:false\:false\:true\:false\:false
NVIC.DebugMonitor_IRQn=true\:1\:0\:false\:false\:true\:false\:false
Mcu.IP10=TAMP
NVIC.SysTick_IRQn=true\:1\:0\:false\:false\:true\:false\:true
Mcu.IP12=UART4
RCC.APB5DIVClockFreq_Value=64000000
Mcu.IP11=TIM1
VP_BSEC_VS_BSEC.Mode=BSEC_Activate
ProjectManager.FirmwarePackage=STM32Cube FW_MP1 V1.3.0
MxDb.Version=DB.6.0.20
RCC.MCUClockFreq_Value=64000000
RCC.DIVP1Freq_Value=50000000
RCC.AXIDIVFreq_Value=64000000
ProjectManager.BackupPrevious=false
RCC.FMCFreq_Value=64000000
RCC.Hclk5DIVFreq_Value=64000000
TIM1.Channel-PWM\ Generation1\ CH1=TIM_CHANNEL_1
BootLoader.IPs=DDR\:I,RCC
File.Version=6
VP_BSEC_VS_BSEC.Signal=BSEC_VS_BSEC
RCC.USART24Freq_Value=64000000
VP_ETZPC_VS_ETZPC.Signal=ETZPC_VS_ETZPC
PA8.Signal=S_TIM1_CH1
NVIC.PendSV_IRQn=true\:1\:0\:false\:false\:true\:false\:false
RCC.DIVR2Freq_Value=25000000
ProjectManager.HalAssertFull=false
VP_TIM1_VS_ClockSourceINT.Mode=Internal
RCC.DIVP2Freq_Value=25000000
RCC.ETHFreq_Value=25000000
ProjectManager.ProjectName=Davidson_MP1
RCC.APB3Freq_Value=64000000
RCC.MCO2PinFreq_Value=64000000
Mcu.Package=TFBGA361
PB9.Signal=UART4_TX
RCC.LPTIM23Freq_Value=64000000
PH12.Mode=I2C
RCC.DDRPERFMFreq_Value=25000000
VP_TAMP_VS_TAMP_Activate.Signal=TAMP_VS_TAMP_Activate
PH11.Mode=I2C
ProjectManager.ToolChainLocation=
RCC.LSI_VALUE=32000
VP_SYS_VS_Systick.Signal=SYS_VS_Systick
RCC.DSIFreq_Value=60000000
RCC.DIVQ4Freq_Value=25000000
RCC.DFSDMFreq_Value=64000000
RCC.DIVR1Freq_Value=25000000
Mcu.Context4=CortexM4
Mcu.Context2=CortexA7S
Mcu.Context3=CortexA7NS
Mcu.Context0=BootROM
Mcu.Context1=BootLoader
RCC.DDRCFreq_Value=25000000
VP_HSEM_VS_HSEM.Mode=HSEM_Activate
ProjectManager.DeviceTreeLocation=C\:\\Users\\Arnaud\\STM32CubeIDE\\workspace\\Davidson_MP1\\CA7\\DeviceTree\\
RCC.APB4Freq_Value=64000000
RCC.CECFreq_Value=32768
RCC.DSI_VALUE=60000000
NVIC.BusFault_IRQn=true\:1\:0\:false\:false\:true\:false\:false
RCC.MCUDIVCLKFreq_Value=64000000
TIM1.Period=1000
VP_TAMP_VS_TAMP_Activate.Mode=TAMP_Enabled
RCC.MPUCLKFreq_VALUE=64000000
ProjectManager.CustomerFirmwarePackage=
RCC.Tim2OutputFreq_Value=64000000
RCC.VCO3OutputFreq_Value=50000000
BootROM.IPs=RCC\:I
VP_RTC_VS_RTC_Activate.Signal=RTC_VS_RTC_Activate
RCC.I2C35Freq_Value=64000000
ProjectManager.ProjectFileName=Davidson_MP1.ioc
CortexA7NS.IPs=BSEC,DDR,DMA\:I,ETZPC,GIC,HSEM,PWR,RCC,RTC,TAMP,DMA1\:I,MDMA_A7NS\:I
Mcu.PinsNb=17
PH11.Signal=I2C1_SCL
RCC.USART35Freq_Value=64000000
ProjectManager.NoMain=false
RCC.UART78Freq_Value=64000000
VP_DMA_VS_DMA2_M4.Mode=CortexM4
RCC.DDRPHYFreq_Value=25000000
RCC.PUBLFreq_Value=25000000
RCC.USBOHSFreq_Value=25000000
PD1.Signal=I2C5_SCL
ProjectManager.DefaultFWLocation=true
VP_HSEM_VS_HSEM.Signal=HSEM_VS_HSEM
RCC.AXICLKFreq_VALUE=64000000
ProjectManager.DeletePrevious=true
GIC.PMUIRQ1_IRQn=true\:false\:High level
RCC.QSPIFreq_Value=64000000
PinOutPanel.CurrentBGAView=Top
RCC.FamilyName=M
RCC.DSITXEscFreq_Value=15000000
RCC.SPI6Freq_Value=64000000
NVIC.RCC_WAKEUP_IRQn=true\:0\:0\:false\:false\:true\:false\:true
RCC.SPI45Freq_Value=64000000
RCC.Tim1OutputFreq_Value=64000000
SH.S_TIM1_CH1.0=TIM1_CH1,PWM Generation1 CH1
RCC.VCO4OutputFreq_Value=50000000
ProjectManager.TargetToolchain=STM32CubeIDE
RCC.USART6Freq_Value=64000000
RCC.VCO1OutputFreq_Value=100000000
RCC.PLLDSIVCOFreq_Value=960000000
PB9.Mode=Asynchronous
VP_TIM1_VS_ClockSourceINT.Signal=TIM1_VS_ClockSourceINT
ProjectManager.RegisterCallBack=
CortexA7S.IPs=BSEC\:I,DDR,ETZPC\:I,GIC\:I,HSEM\:I,PWR\:I,RCC,RNG1\:I,RTC\:I,TAMP\:I,MDMA_A7S\:I
RCC.LSE_VALUE=32768
RCC.SDMMC12Freq_Value=64000000
RCC.I2C46Freq_Value=64000000
RCC.RNG1Freq_Value=4000000
board=custom
ProjectManager.LastFirmware=true
PD1.Mode=I2C
PH14.Mode=Asynchronous
RCC.VCOInput1Freq_Value=2000000
RCC.APB2Freq_Value=64000000
MxCube.Version=6.2.0
RCC.FDCANFreq_Value=24000000
RCC.ADCFreq_Value=25000000
VP_SYS_VS_Systick.Mode=SysTick
VP_ETZPC_VS_ETZPC.Mode=ETZPC_Activate
RCC.DIVR4Freq_Value=25000000
RCC.MCUCLKFreq_VALUE=64000000
NVIC.NonMaskableInt_IRQn=true\:0\:0\:false\:false\:true\:false\:false
RCC.SAI4Freq_Value=25000000
RCC.CKPERCLKFreq_VALUE=64000000
RCC.CSI_VALUE=4000000
RCC.DACCLKFreq_VALUE=32000
RCC.LPTIM45Freq_Value=64000000
ProjectManager.FreePins=false
VP_DMA_VS_DMA1_A7NS.Mode=CortexA7NS
RCC.IPParameters=ADCFreq_Value,AHB1234Freq_Value,APB1Freq_Value,APB2Freq_Value,APB3Freq_Value,APB4Freq_Value,APB5DIVClockFreq_Value,AXICLKFreq_VALUE,AXIDIVFreq_Value,CECFreq_Value,CKPERCLKFreq_VALUE,CSI_VALUE,CortexFreq_Value,DACCLKFreq_VALUE,DDRCFreq_Value,DDRPERFMFreq_Value,DDRPHYFreq_Value,DFSDFAFreq_Value,DFSDMFreq_Value,DIVP1Freq_Value,DIVP2Freq_Value,DIVP3Freq_Value,DIVP4Freq_Value,DIVQ1Freq_Value,DIVQ2Freq_Value,DIVQ3Freq_Value,DIVQ4Freq_Value,DIVR1Freq_Value,DIVR2Freq_Value,DIVR3Freq_Value,DIVR4Freq_Value,DSIFreq_Value,DSIPixelFreq_Value,DSITXEscFreq_Value,DSI_VALUE,ETHFreq_Value,FDCANFreq_Value,FMCFreq_Value,FamilyName,HSE_VALUE,HSIDivClkFreq_Value,HSI_VALUE,Hclk5DIVFreq_Value,Hclk6DIVFreq_Value,I2C12Freq_Value,I2C35Freq_Value,I2C46Freq_Value,LPTIM1Freq_Value,LPTIM23Freq_Value,LPTIM45Freq_Value,LSE_VALUE,LSI_VALUE,LTDCFreq_Value,MCO1PinFreq_Value,MCO2PinFreq_Value,MCUCLKFreq_VALUE,MCUClockFreq_Value,MCUDIVCLKFreq_Value,MPUCLKFreq_VALUE,PLL4PDSIFreq_Value,PLLDSIFreq_Value,PLLDSIVCOFreq_Value,PUBLFreq_Value,QSPIFreq_Value,RNG1Freq_Value,RNG2Freq_Value,RTCFreq_Value,SAI1Freq_Value,SAI2Freq_Value,SAI3Freq_Value,SAI4Freq_Value,SDMMC12Freq_Value,SDMMC3Freq_Value,SPDIFRXFreq_Value,SPI1Freq_Value,SPI23Freq_Value,SPI45Freq_Value,SPI6Freq_Value,STGENFreq_Value,Tim1OutputFreq_Value,Tim2OutputFreq_Value,UART78Freq_Value,USART1Freq_Value,USART24Freq_Value,USART35Freq_Value,USART6Freq_Value,USBOHSFreq_Value,USBPHYFreq_Value,VCO1OutputFreq_Value,VCO2OutputFreq_Value,VCO3OutputFreq_Value,VCO4OutputFreq_Value,VCOInput1Freq_Value,VCOInput2Freq_Value,VCOInput3Freq_Value,VCOInput4Freq_Value
ProjectManager.AskForMigrate=true
Mcu.Name=STM32MP157CACx
PD0.Mode=I2C
RCC.DFSDFAFreq_Value=25000000
ProjectManager.UnderRoot=true
Mcu.IP8=RTC
Mcu.IP9=SYS
Mcu.IP6=NVIC
Mcu.IP7=RCC
ProjectManager.CoupleFile=true
NVIC.ForceEnableDMAVector=true
KeepUserPlacement=false
VP_MDMA_VS_MDMA_A7NS_8.Signal=MDMA_VS_MDMA_A7NS_8
RCC.SAI3Freq_Value=25000000
NVIC.MemoryManagement_IRQn=true\:1\:0\:false\:false\:true\:false\:false
ProjectManager.CompilerOptimize=6
ProjectManager.HeapSize=0x200
Mcu.Pin15=VP_DMA_VS_DMA2_M4
NVIC.HardFault_IRQn=true\:0\:0\:false\:false\:true\:false\:false
RCC.Hclk6DIVFreq_Value=64000000
Mcu.Pin16=VP_MDMA_VS_MDMA_A7NS_8
Mcu.Pin13=VP_TIM1_VS_ClockSourceINT
Mcu.Pin14=VP_DMA_VS_DMA1_A7NS
GIC.RCC_IRQn=true\:false\:High level
RCC.STGENFreq_Value=64000000
ProjectManager.ComputerToolchain=false
RCC.HSI_VALUE=64000000
RCC.RNG2Freq_Value=4000000
RCC.LTDCFreq_Value=25000000
NVIC.PriorityGroup=NVIC_PRIORITYGROUP_4
Mcu.Pin11=VP_SYS_VS_Systick
Mcu.Pin12=VP_TAMP_VS_TAMP_Activate
Mcu.Pin10=VP_RTC_VS_RTC_Activate
RCC.DSIPixelFreq_Value=25000000
RCC.DIVQ1Freq_Value=25000000
RCC.PLL4PDSIFreq_Value=25000000
VP_DMA_VS_DMA1_A7NS.Signal=DMA_VS_DMA1_A7NS
RCC.VCOInput2Freq_Value=2000000
RCC.APB1Freq_Value=64000000
Mcu.ContextNb=5
ProjectManager.DeviceId=STM32MP157CACx
ProjectManager.LibraryCopy=1
RCC.DIVP4Freq_Value=25000000
CortexM4.IPs=DMA,ETZPC,FREERTOS\:I,HSEM,NVIC\:I,PWR,RCC,SYS\:I,I2C1\:I,I2C5\:I,TIM1\:I,DMA2\:I,UART4\:I
isbadioc=false
